
Microsoft Visual Studio Solution File, Format Version 12.00
# Visual Studio Version 16
VisualStudioVersion = 16.0.33423.256
MinimumVisualStudioVersion = 10.0.40219.1
Project("{FAE04EC0-301F-11D3-BF4B-00C04F79EFBC}") = "TechnicalTestFlights", "TechnicalTestFlights\TechnicalTestFlights.csproj", "{EDC41DDC-BB6E-4200-BEBD-3A5A496DD4E6}"
EndProject
Project("{FAE04EC0-301F-11D3-BF4B-00C04F79EFBC}") = "TechnicalTestFlights.Test", "TechnicalTestFlights.Test\TechnicalTestFlights.Test.csproj", "{3BFE0CD4-0797-467D-863C-92B5D180A637}"
EndProject
Global
	GlobalSection(SolutionConfigurationPlatforms) = preSolution
		Debug|Any CPU = Debug|Any CPU
		Release|Any CPU = Release|Any CPU
	EndGlobalSection
	GlobalSection(ProjectConfigurationPlatforms) = postSolution
		{EDC41DDC-BB6E-4200-BEBD-3A5A496DD4E6}.Debug|Any CPU.ActiveCfg = Debug|Any CPU
		{EDC41DDC-BB6E-4200-BEBD-3A5A496DD4E6}.Debug|Any CPU.Build.0 = Debug|Any CPU
		{EDC41DDC-BB6E-4200-BEBD-3A5A496DD4E6}.Release|Any CPU.ActiveCfg = Release|Any CPU
		{EDC41DDC-BB6E-4200-BEBD-3A5A496DD4E6}.Release|Any CPU.Build.0 = Release|Any CPU
		{3BFE0CD4-0797-467D-863C-92B5D180A637}.Debug|Any CPU.ActiveCfg = Debug|Any CPU
		{3BFE0CD4-0797-467D-863C-92B5D180A637}.Debug|Any CPU.Build.0 = Debug|Any CPU
		{3BFE0CD4-0797-467D-863C-92B5D180A637}.Release|Any CPU.ActiveCfg = Release|Any CPU
		{3BFE0CD4-0797-467D-863C-92B5D180A637}.Release|Any CPU.Build.0 = Release|Any CPU
	EndGlobalSection
	GlobalSection(SolutionProperties) = preSolution
		HideSolutionNode = FALSE
	EndGlobalSection
	GlobalSection(ExtensibilityGlobals) = postSolution
		SolutionGuid = {257C1E2F-2C6D-4236-A498-277309A8A768}
	EndGlobalSection
EndGlobal
